
Microsoft Visual Studio Solution File, Format Version 12.00
# Visual Studio Version 16
VisualStudioVersion = 16.0.29009.5
MinimumVisualStudioVersion = 10.0.40219.1
Project("{FAE04EC0-301F-11D3-BF4B-00C04F79EFBC}") = "TravelWeb", "TravelWeb\TravelWeb.csproj", "{D0C646F8-E432-4CC6-A2A0-DD03F2B11F28}"
EndProject
Project("{FAE04EC0-301F-11D3-BF4B-00C04F79EFBC}") = "TravelApi", "TravelApi\TravelApi.csproj", "{337542D5-2233-4F13-B0D1-7A749DD7C8FE}"
EndProject
Project("{FAE04EC0-301F-11D3-BF4B-00C04F79EFBC}") = "TravelApp.Android", "TravelApp\TravelApp.Android\TravelApp.Android.csproj", "{2435C00E-44FB-4344-88A5-7AEFCB9DBB61}"
EndProject
Project("{FAE04EC0-301F-11D3-BF4B-00C04F79EFBC}") = "TravelApp", "TravelApp\TravelApp\TravelApp.csproj", "{A2478656-48A4-401D-831A-65433FE43D80}"
EndProject
Global
	GlobalSection(SolutionConfigurationPlatforms) = preSolution
		Debug|Any CPU = Debug|Any CPU
		Debug|ARM = Debug|ARM
		Debug|x64 = Debug|x64
		Debug|x86 = Debug|x86
		Release|Any CPU = Release|Any CPU
		Release|ARM = Release|ARM
		Release|x64 = Release|x64
		Release|x86 = Release|x86
	EndGlobalSection
	GlobalSection(ProjectConfigurationPlatforms) = postSolution
		{D0C646F8-E432-4CC6-A2A0-DD03F2B11F28}.Debug|Any CPU.ActiveCfg = Debug|Any CPU
		{D0C646F8-E432-4CC6-A2A0-DD03F2B11F28}.Debug|Any CPU.Build.0 = Debug|Any CPU
		{D0C646F8-E432-4CC6-A2A0-DD03F2B11F28}.Debug|ARM.ActiveCfg = Debug|Any CPU
		{D0C646F8-E432-4CC6-A2A0-DD03F2B11F28}.Debug|ARM.Build.0 = Debug|Any CPU
		{D0C646F8-E432-4CC6-A2A0-DD03F2B11F28}.Debug|x64.ActiveCfg = Debug|Any CPU
		{D0C646F8-E432-4CC6-A2A0-DD03F2B11F28}.Debug|x64.Build.0 = Debug|Any CPU
		{D0C646F8-E432-4CC6-A2A0-DD03F2B11F28}.Debug|x86.ActiveCfg = Debug|Any CPU
		{D0C646F8-E432-4CC6-A2A0-DD03F2B11F28}.Debug|x86.Build.0 = Debug|Any CPU
		{D0C646F8-E432-4CC6-A2A0-DD03F2B11F28}.Release|Any CPU.ActiveCfg = Release|Any CPU
		{D0C646F8-E432-4CC6-A2A0-DD03F2B11F28}.Release|Any CPU.Build.0 = Release|Any CPU
		{D0C646F8-E432-4CC6-A2A0-DD03F2B11F28}.Release|ARM.ActiveCfg = Release|Any CPU
		{D0C646F8-E432-4CC6-A2A0-DD03F2B11F28}.Release|ARM.Build.0 = Release|Any CPU
		{D0C646F8-E432-4CC6-A2A0-DD03F2B11F28}.Release|x64.ActiveCfg = Release|Any CPU
		{D0C646F8-E432-4CC6-A2A0-DD03F2B11F28}.Release|x64.Build.0 = Release|Any CPU
		{D0C646F8-E432-4CC6-A2A0-DD03F2B11F28}.Release|x86.ActiveCfg = Release|Any CPU
		{D0C646F8-E432-4CC6-A2A0-DD03F2B11F28}.Release|x86.Build.0 = Release|Any CPU
		{337542D5-2233-4F13-B0D1-7A749DD7C8FE}.Debug|Any CPU.ActiveCfg = Debug|Any CPU
		{337542D5-2233-4F13-B0D1-7A749DD7C8FE}.Debug|Any CPU.Build.0 = Debug|Any CPU
		{337542D5-2233-4F13-B0D1-7A749DD7C8FE}.Debug|ARM.ActiveCfg = Debug|Any CPU
		{337542D5-2233-4F13-B0D1-7A749DD7C8FE}.Debug|ARM.Build.0 = Debug|Any CPU
		{337542D5-2233-4F13-B0D1-7A749DD7C8FE}.Debug|x64.ActiveCfg = Debug|Any CPU
		{337542D5-2233-4F13-B0D1-7A749DD7C8FE}.Debug|x64.Build.0 = Debug|Any CPU
		{337542D5-2233-4F13-B0D1-7A749DD7C8FE}.Debug|x86.ActiveCfg = Debug|Any CPU
		{337542D5-2233-4F13-B0D1-7A749DD7C8FE}.Debug|x86.Build.0 = Debug|Any CPU
		{337542D5-2233-4F13-B0D1-7A749DD7C8FE}.Release|Any CPU.ActiveCfg = Release|Any CPU
		{337542D5-2233-4F13-B0D1-7A749DD7C8FE}.Release|Any CPU.Build.0 = Release|Any CPU
		{337542D5-2233-4F13-B0D1-7A749DD7C8FE}.Release|ARM.ActiveCfg = Release|Any CPU
		{337542D5-2233-4F13-B0D1-7A749DD7C8FE}.Release|ARM.Build.0 = Release|Any CPU
		{337542D5-2233-4F13-B0D1-7A749DD7C8FE}.Release|x64.ActiveCfg = Release|Any CPU
		{337542D5-2233-4F13-B0D1-7A749DD7C8FE}.Release|x64.Build.0 = Release|Any CPU
		{337542D5-2233-4F13-B0D1-7A749DD7C8FE}.Release|x86.ActiveCfg = Release|Any CPU
		{337542D5-2233-4F13-B0D1-7A749DD7C8FE}.Release|x86.Build.0 = Release|Any CPU
		{2435C00E-44FB-4344-88A5-7AEFCB9DBB61}.Debug|Any CPU.ActiveCfg = Debug|Any CPU
		{2435C00E-44FB-4344-88A5-7AEFCB9DBB61}.Debug|Any CPU.Build.0 = Debug|Any CPU
		{2435C00E-44FB-4344-88A5-7AEFCB9DBB61}.Debug|Any CPU.Deploy.0 = Debug|Any CPU
		{2435C00E-44FB-4344-88A5-7AEFCB9DBB61}.Debug|ARM.ActiveCfg = Debug|Any CPU
		{2435C00E-44FB-4344-88A5-7AEFCB9DBB61}.Debug|ARM.Build.0 = Debug|Any CPU
		{2435C00E-44FB-4344-88A5-7AEFCB9DBB61}.Debug|ARM.Deploy.0 = Debug|Any CPU
		{2435C00E-44FB-4344-88A5-7AEFCB9DBB61}.Debug|x64.ActiveCfg = Debug|Any CPU
		{2435C00E-44FB-4344-88A5-7AEFCB9DBB61}.Debug|x64.Build.0 = Debug|Any CPU
		{2435C00E-44FB-4344-88A5-7AEFCB9DBB61}.Debug|x64.Deploy.0 = Debug|Any CPU
		{2435C00E-44FB-4344-88A5-7AEFCB9DBB61}.Debug|x86.ActiveCfg = Debug|Any CPU
		{2435C00E-44FB-4344-88A5-7AEFCB9DBB61}.Debug|x86.Build.0 = Debug|Any CPU
		{2435C00E-44FB-4344-88A5-7AEFCB9DBB61}.Debug|x86.Deploy.0 = Debug|Any CPU
		{2435C00E-44FB-4344-88A5-7AEFCB9DBB61}.Release|Any CPU.ActiveCfg = Release|Any CPU
		{2435C00E-44FB-4344-88A5-7AEFCB9DBB61}.Release|Any CPU.Build.0 = Release|Any CPU
		{2435C00E-44FB-4344-88A5-7AEFCB9DBB61}.Release|Any CPU.Deploy.0 = Release|Any CPU
		{2435C00E-44FB-4344-88A5-7AEFCB9DBB61}.Release|ARM.ActiveCfg = Release|Any CPU
		{2435C00E-44FB-4344-88A5-7AEFCB9DBB61}.Release|ARM.Build.0 = Release|Any CPU
		{2435C00E-44FB-4344-88A5-7AEFCB9DBB61}.Release|ARM.Deploy.0 = Release|Any CPU
		{2435C00E-44FB-4344-88A5-7AEFCB9DBB61}.Release|x64.ActiveCfg = Release|Any CPU
		{2435C00E-44FB-4344-88A5-7AEFCB9DBB61}.Release|x64.Build.0 = Release|Any CPU
		{2435C00E-44FB-4344-88A5-7AEFCB9DBB61}.Release|x64.Deploy.0 = Release|Any CPU
		{2435C00E-44FB-4344-88A5-7AEFCB9DBB61}.Release|x86.ActiveCfg = Release|Any CPU
		{2435C00E-44FB-4344-88A5-7AEFCB9DBB61}.Release|x86.Build.0 = Release|Any CPU
		{2435C00E-44FB-4344-88A5-7AEFCB9DBB61}.Release|x86.Deploy.0 = Release|Any CPU
		{A2478656-48A4-401D-831A-65433FE43D80}.Debug|Any CPU.ActiveCfg = Debug|Any CPU
		{A2478656-48A4-401D-831A-65433FE43D80}.Debug|Any CPU.Build.0 = Debug|Any CPU
		{A2478656-48A4-401D-831A-65433FE43D80}.Debug|ARM.ActiveCfg = Debug|Any CPU
		{A2478656-48A4-401D-831A-65433FE43D80}.Debug|ARM.Build.0 = Debug|Any CPU
		{A2478656-48A4-401D-831A-65433FE43D80}.Debug|x64.ActiveCfg = Debug|Any CPU
		{A2478656-48A4-401D-831A-65433FE43D80}.Debug|x64.Build.0 = Debug|Any CPU
		{A2478656-48A4-401D-831A-65433FE43D80}.Debug|x86.ActiveCfg = Debug|Any CPU
		{A2478656-48A4-401D-831A-65433FE43D80}.Debug|x86.Build.0 = Debug|Any CPU
		{A2478656-48A4-401D-831A-65433FE43D80}.Release|Any CPU.ActiveCfg = Release|Any CPU
		{A2478656-48A4-401D-831A-65433FE43D80}.Release|Any CPU.Build.0 = Release|Any CPU
		{A2478656-48A4-401D-831A-65433FE43D80}.Release|ARM.ActiveCfg = Release|Any CPU
		{A2478656-48A4-401D-831A-65433FE43D80}.Release|ARM.Build.0 = Release|Any CPU
		{A2478656-48A4-401D-831A-65433FE43D80}.Release|x64.ActiveCfg = Release|Any CPU
		{A2478656-48A4-401D-831A-65433FE43D80}.Release|x64.Build.0 = Release|Any CPU
		{A2478656-48A4-401D-831A-65433FE43D80}.Release|x86.ActiveCfg = Release|Any CPU
		{A2478656-48A4-401D-831A-65433FE43D80}.Release|x86.Build.0 = Release|Any CPU
	EndGlobalSection
	GlobalSection(SolutionProperties) = preSolution
		HideSolutionNode = FALSE
	EndGlobalSection
	GlobalSection(ExtensibilityGlobals) = postSolution
		SolutionGuid = {64F77B58-8E2A-48E1-80DF-112EC0F1801D}
	EndGlobalSection
EndGlobal
